
Microsoft Visual Studio Solution File, Format Version 12.00
# Visual Studio Version 17
VisualStudioVersion = 17.6.33723.286
MinimumVisualStudioVersion = 10.0.40219.1
Project("{FAE04EC0-301F-11D3-BF4B-00C04F79EFBC}") = "OPC Kepserver", "OPC Kepserver\OPC Kepserver.csproj", "{EB358C28-8956-4C59-A856-405F9B852286}"
EndProject
Project("{FAE04EC0-301F-11D3-BF4B-00C04F79EFBC}") = "OPCClient", "OPCClient\OPCClient.csproj", "{5E49B858-A857-4220-866E-7E43C58C73B8}"
EndProject
Global
	GlobalSection(SolutionConfigurationPlatforms) = preSolution
		Debug|Any CPU = Debug|Any CPU
		Release|Any CPU = Release|Any CPU
	EndGlobalSection
	GlobalSection(ProjectConfigurationPlatforms) = postSolution
		{EB358C28-8956-4C59-A856-405F9B852286}.Debug|Any CPU.ActiveCfg = Debug|Any CPU
		{EB358C28-8956-4C59-A856-405F9B852286}.Debug|Any CPU.Build.0 = Debug|Any CPU
		{EB358C28-8956-4C59-A856-405F9B852286}.Release|Any CPU.ActiveCfg = Release|Any CPU
		{EB358C28-8956-4C59-A856-405F9B852286}.Release|Any CPU.Build.0 = Release|Any CPU
		{5E49B858-A857-4220-866E-7E43C58C73B8}.Debug|Any CPU.ActiveCfg = Debug|Any CPU
		{5E49B858-A857-4220-866E-7E43C58C73B8}.Debug|Any CPU.Build.0 = Debug|Any CPU
		{5E49B858-A857-4220-866E-7E43C58C73B8}.Release|Any CPU.ActiveCfg = Release|Any CPU
		{5E49B858-A857-4220-866E-7E43C58C73B8}.Release|Any CPU.Build.0 = Release|Any CPU
	EndGlobalSection
	GlobalSection(SolutionProperties) = preSolution
		HideSolutionNode = FALSE
	EndGlobalSection
	GlobalSection(ExtensibilityGlobals) = postSolution
		SolutionGuid = {6689F116-3318-475C-832C-D4174FE56280}
	EndGlobalSection
EndGlobal
